{
    "_readme": [
        "This file locks the dependencies of your project to a known state",
        "Read more about it at https://getcomposer.org/doc/01-basic-usage.md#composer-lock-the-lock-file",
        "This file is @generated automatically"
    ],
    "hash": "44bdff414a618fb43dd890f4ee7c7946",
    "content-hash": "f3782797f5ffff2598838d114c24623b",
    "packages": [
        {
            "name": "components/jquery",
            "version": "2.1.4",
            "source": {
                "type": "git",
                "url": "https://github.com/components/jquery.git",
                "reference": "7b1d1104656a092423fbfba13c5920e9bbba290c"
            },
            "dist": {
                "type": "zip",
                "url": "https://api.github.com/repos/components/jquery/zipball/7b1d1104656a092423fbfba13c5920e9bbba290c",
                "reference": "7b1d1104656a092423fbfba13c5920e9bbba290c",
                "shasum": ""
            },
            "type": "component",
            "extra": {
                "component": {
                    "scripts": [
                        "jquery.js"
                    ],
                    "files": [
                        "jquery.min.js",
                        "jquery.min.map",
                        "jquery-migrate.js",
                        "jquery-migrate.min.js"
                    ]
                }
            },
            "notification-url": "https://packagist.org/downloads/",
            "license": [
                "MIT"
            ],
            "authors": [
                {
                    "name": "John Resig",
                    "email": "jeresig@gmail.com"
                }
            ],
            "description": "jQuery JavaScript Library",
            "homepage": "http://jquery.com",
            "time": "2015-05-08 05:04:47"
        },
        {
            "name": "magkopian/php-math-captcha",
            "version": "1.0.0",
            "source": {
                "type": "git",
                "url": "https://github.com/magkopian/php-math-captcha.git",
                "reference": "e1823aa63a002e6ec13b3f5e69d391da3c90482b"
            },
            "dist": {
                "type": "zip",
                "url": "https://api.github.com/repos/magkopian/php-math-captcha/zipball/e1823aa63a002e6ec13b3f5e69d391da3c90482b",
                "reference": "e1823aa63a002e6ec13b3f5e69d391da3c90482b",
                "shasum": ""
            },
            "require": {
                "ext-gd": "*",
                "php": ">=5.0.0"
            },
            "type": "library",
            "autoload": {
                "psr-0": {
                    "MathCaptcha": "src/"
                }
            },
            "notification-url": "https://packagist.org/downloads/",
            "license": [
                "MIT"
            ],
            "authors": [
                {
                    "name": "Manolis Agkopian",
                    "email": "m.agkopian@gmail.com"
                }
            ],
            "description": "A simple class for generating and validating math captcha images",
            "keywords": [
                "antispam",
                "captcha",
                "captcha class",
                "math captcha"
            ],
            "time": "2014-10-04 14:13:41"
        }
    ],
    "packages-dev": [],
    "aliases": [],
    "minimum-stability": "stable",
    "stability-flags": [],
    "prefer-stable": false,
    "prefer-lowest": false,
    "platform": {
        "php": ">=5.5.0"
    },
    "platform-dev": []
}
